
Microsoft Visual Studio Solution File, Format Version 12.00
# Visual Studio Version 16
VisualStudioVersion = 16.0.30517.126
MinimumVisualStudioVersion = 10.0.40219.1
Project("{FAE04EC0-301F-11D3-BF4B-00C04F79EFBC}") = "03_Exercise", "03_Exercise\03_Exercise.csproj", "{30032054-4077-4865-BD44-476FB6E51B16}"
EndProject
Global
	GlobalSection(SolutionConfigurationPlatforms) = preSolution
		Debug|Any CPU = Debug|Any CPU
		Release|Any CPU = Release|Any CPU
	EndGlobalSection
	GlobalSection(ProjectConfigurationPlatforms) = postSolution
		{30032054-4077-4865-BD44-476FB6E51B16}.Debug|Any CPU.ActiveCfg = Debug|Any CPU
		{30032054-4077-4865-BD44-476FB6E51B16}.Debug|Any CPU.Build.0 = Debug|Any CPU
		{30032054-4077-4865-BD44-476FB6E51B16}.Release|Any CPU.ActiveCfg = Release|Any CPU
		{30032054-4077-4865-BD44-476FB6E51B16}.Release|Any CPU.Build.0 = Release|Any CPU
	EndGlobalSection
	GlobalSection(SolutionProperties) = preSolution
		HideSolutionNode = FALSE
	EndGlobalSection
	GlobalSection(ExtensibilityGlobals) = postSolution
		SolutionGuid = {2A746826-1300-408E-B529-2D1595DD922F}
	EndGlobalSection
EndGlobal
